
Microsoft Visual Studio Solution File, Format Version 12.00
# Visual Studio Version 17
VisualStudioVersion = 17.2.32616.157
MinimumVisualStudioVersion = 10.0.40219.1
Project("{FAE04EC0-301F-11D3-BF4B-00C04F79EFBC}") = "RekursifveExtensionMetotlar", "RekursifveExtensionMetotlar.csproj", "{D678809F-EA22-4111-A6E7-AF1B804F308E}"
EndProject
Global
	GlobalSection(SolutionConfigurationPlatforms) = preSolution
		Debug|Any CPU = Debug|Any CPU
		Release|Any CPU = Release|Any CPU
	EndGlobalSection
	GlobalSection(ProjectConfigurationPlatforms) = postSolution
		{D678809F-EA22-4111-A6E7-AF1B804F308E}.Debug|Any CPU.ActiveCfg = Debug|Any CPU
		{D678809F-EA22-4111-A6E7-AF1B804F308E}.Debug|Any CPU.Build.0 = Debug|Any CPU
		{D678809F-EA22-4111-A6E7-AF1B804F308E}.Release|Any CPU.ActiveCfg = Release|Any CPU
		{D678809F-EA22-4111-A6E7-AF1B804F308E}.Release|Any CPU.Build.0 = Release|Any CPU
	EndGlobalSection
	GlobalSection(SolutionProperties) = preSolution
		HideSolutionNode = FALSE
	EndGlobalSection
	GlobalSection(ExtensibilityGlobals) = postSolution
		SolutionGuid = {C2D418D0-1943-473C-817F-F70C48B49B08}
	EndGlobalSection
EndGlobal
